
Microsoft Visual Studio Solution File, Format Version 12.00
# Visual Studio 14
VisualStudioVersion = 14.0.23107.0
MinimumVisualStudioVersion = 10.0.40219.1
Project("{FAE04EC0-301F-11D3-BF4B-00C04F79EFBC}") = "Tests", "Tests\Tests.csproj", "{CA3F9560-9A1B-4AB6-B814-7496018BC461}"
EndProject
Project("{FAE04EC0-301F-11D3-BF4B-00C04F79EFBC}") = "Pulsar", "Pulsar\Pulsar.csproj", "{EFE5D3A0-3C2A-4711-A2D9-8E945CF1A8CC}"
EndProject
Global
	GlobalSection(SolutionConfigurationPlatforms) = preSolution
		Debug|Any CPU = Debug|Any CPU
		Release|Any CPU = Release|Any CPU
	EndGlobalSection
	GlobalSection(ProjectConfigurationPlatforms) = postSolution
		{CA3F9560-9A1B-4AB6-B814-7496018BC461}.Debug|Any CPU.ActiveCfg = Debug|Any CPU
		{CA3F9560-9A1B-4AB6-B814-7496018BC461}.Debug|Any CPU.Build.0 = Debug|Any CPU
		{CA3F9560-9A1B-4AB6-B814-7496018BC461}.Release|Any CPU.ActiveCfg = Release|Any CPU
		{CA3F9560-9A1B-4AB6-B814-7496018BC461}.Release|Any CPU.Build.0 = Release|Any CPU
		{EFE5D3A0-3C2A-4711-A2D9-8E945CF1A8CC}.Debug|Any CPU.ActiveCfg = Debug|Any CPU
		{EFE5D3A0-3C2A-4711-A2D9-8E945CF1A8CC}.Debug|Any CPU.Build.0 = Debug|Any CPU
		{EFE5D3A0-3C2A-4711-A2D9-8E945CF1A8CC}.Release|Any CPU.ActiveCfg = Release|Any CPU
		{EFE5D3A0-3C2A-4711-A2D9-8E945CF1A8CC}.Release|Any CPU.Build.0 = Release|Any CPU
	EndGlobalSection
	GlobalSection(SolutionProperties) = preSolution
		HideSolutionNode = FALSE
	EndGlobalSection
EndGlobal
